
Microsoft Visual Studio Solution File, Format Version 11.00
# Visual Studio 2010
Project("{FAE04EC0-301F-11D3-BF4B-00C04F79EFBC}") = "DotNetOpenAuth.ApplicationBlock", "DotNetOpenAuth.ApplicationBlock\DotNetOpenAuth.ApplicationBlock.csproj", "{AA78D112-D889-414B-A7D4-467B34C7B663}"
EndProject
Project("{FAE04EC0-301F-11D3-BF4B-00C04F79EFBC}") = "Linq.Flickr", "Linq.Flickr\Linq.Flickr.csproj", "{716F1EDD-B85E-45FB-B757-BFFC8CB2A011}"
EndProject
Project("{FAE04EC0-301F-11D3-BF4B-00C04F79EFBC}") = "GiftR.Model", "GiftR.Model\GiftR.Model.csproj", "{80B09EC4-DFFF-4B72-9312-86DCCF6AEF19}"
EndProject
Project("{FAE04EC0-301F-11D3-BF4B-00C04F79EFBC}") = "GiftR.Repository", "GiftR.Repository\GiftR.Repository.csproj", "{8792EB67-B33F-40AC-9885-7C3B106C8260}"
EndProject
Project("{FAE04EC0-301F-11D3-BF4B-00C04F79EFBC}") = "GiftR.Common", "GiftR.Common\GiftR.Common.csproj", "{276250F2-38C0-4AB0-95DE-F9F07D746CA7}"
EndProject
Project("{2150E333-8FDC-42A3-9474-1A3956D46DE8}") = "GiftR", "GiftR", "{74A059BD-4EA5-4A49-83EF-BCD9D67C8A70}"
EndProject
Project("{2150E333-8FDC-42A3-9474-1A3956D46DE8}") = "Externals", "Externals", "{3CA53B2C-85A8-43D4-9DE7-633941B47039}"
EndProject
Project("{FAE04EC0-301F-11D3-BF4B-00C04F79EFBC}") = "GiftR.WebUI", "GiftR.WebUI\GiftR.WebUI.csproj", "{9529606E-AF76-4387-BFB7-3D10A5B399AA}"
EndProject
Project("{FAE04EC0-301F-11D3-BF4B-00C04F79EFBC}") = "GiftR.Services", "GiftR.Services\GiftR.Services.csproj", "{77433633-5309-4EEA-A56C-29C48A90CAA1}"
EndProject
Global
	GlobalSection(SolutionConfigurationPlatforms) = preSolution
		CodeAnalysis|Any CPU = CodeAnalysis|Any CPU
		Debug|Any CPU = Debug|Any CPU
		Release|Any CPU = Release|Any CPU
	EndGlobalSection
	GlobalSection(ProjectConfigurationPlatforms) = postSolution
		{AA78D112-D889-414B-A7D4-467B34C7B663}.CodeAnalysis|Any CPU.ActiveCfg = CodeAnalysis|Any CPU
		{AA78D112-D889-414B-A7D4-467B34C7B663}.CodeAnalysis|Any CPU.Build.0 = CodeAnalysis|Any CPU
		{AA78D112-D889-414B-A7D4-467B34C7B663}.Debug|Any CPU.ActiveCfg = Debug|Any CPU
		{AA78D112-D889-414B-A7D4-467B34C7B663}.Debug|Any CPU.Build.0 = Debug|Any CPU
		{AA78D112-D889-414B-A7D4-467B34C7B663}.Release|Any CPU.ActiveCfg = Release|Any CPU
		{AA78D112-D889-414B-A7D4-467B34C7B663}.Release|Any CPU.Build.0 = Release|Any CPU
		{716F1EDD-B85E-45FB-B757-BFFC8CB2A011}.CodeAnalysis|Any CPU.ActiveCfg = Release|Any CPU
		{716F1EDD-B85E-45FB-B757-BFFC8CB2A011}.CodeAnalysis|Any CPU.Build.0 = Release|Any CPU
		{716F1EDD-B85E-45FB-B757-BFFC8CB2A011}.Debug|Any CPU.ActiveCfg = Debug|Any CPU
		{716F1EDD-B85E-45FB-B757-BFFC8CB2A011}.Debug|Any CPU.Build.0 = Debug|Any CPU
		{716F1EDD-B85E-45FB-B757-BFFC8CB2A011}.Release|Any CPU.ActiveCfg = Release|Any CPU
		{716F1EDD-B85E-45FB-B757-BFFC8CB2A011}.Release|Any CPU.Build.0 = Release|Any CPU
		{80B09EC4-DFFF-4B72-9312-86DCCF6AEF19}.CodeAnalysis|Any CPU.ActiveCfg = Release|Any CPU
		{80B09EC4-DFFF-4B72-9312-86DCCF6AEF19}.CodeAnalysis|Any CPU.Build.0 = Release|Any CPU
		{80B09EC4-DFFF-4B72-9312-86DCCF6AEF19}.Debug|Any CPU.ActiveCfg = Debug|Any CPU
		{80B09EC4-DFFF-4B72-9312-86DCCF6AEF19}.Debug|Any CPU.Build.0 = Debug|Any CPU
		{80B09EC4-DFFF-4B72-9312-86DCCF6AEF19}.Release|Any CPU.ActiveCfg = Release|Any CPU
		{80B09EC4-DFFF-4B72-9312-86DCCF6AEF19}.Release|Any CPU.Build.0 = Release|Any CPU
		{8792EB67-B33F-40AC-9885-7C3B106C8260}.CodeAnalysis|Any CPU.ActiveCfg = Release|Any CPU
		{8792EB67-B33F-40AC-9885-7C3B106C8260}.CodeAnalysis|Any CPU.Build.0 = Release|Any CPU
		{8792EB67-B33F-40AC-9885-7C3B106C8260}.Debug|Any CPU.ActiveCfg = Debug|Any CPU
		{8792EB67-B33F-40AC-9885-7C3B106C8260}.Debug|Any CPU.Build.0 = Debug|Any CPU
		{8792EB67-B33F-40AC-9885-7C3B106C8260}.Release|Any CPU.ActiveCfg = Release|Any CPU
		{8792EB67-B33F-40AC-9885-7C3B106C8260}.Release|Any CPU.Build.0 = Release|Any CPU
		{276250F2-38C0-4AB0-95DE-F9F07D746CA7}.CodeAnalysis|Any CPU.ActiveCfg = Release|Any CPU
		{276250F2-38C0-4AB0-95DE-F9F07D746CA7}.CodeAnalysis|Any CPU.Build.0 = Release|Any CPU
		{276250F2-38C0-4AB0-95DE-F9F07D746CA7}.Debug|Any CPU.ActiveCfg = Debug|Any CPU
		{276250F2-38C0-4AB0-95DE-F9F07D746CA7}.Debug|Any CPU.Build.0 = Debug|Any CPU
		{276250F2-38C0-4AB0-95DE-F9F07D746CA7}.Release|Any CPU.ActiveCfg = Release|Any CPU
		{276250F2-38C0-4AB0-95DE-F9F07D746CA7}.Release|Any CPU.Build.0 = Release|Any CPU
		{9529606E-AF76-4387-BFB7-3D10A5B399AA}.CodeAnalysis|Any CPU.ActiveCfg = Release|Any CPU
		{9529606E-AF76-4387-BFB7-3D10A5B399AA}.CodeAnalysis|Any CPU.Build.0 = Release|Any CPU
		{9529606E-AF76-4387-BFB7-3D10A5B399AA}.Debug|Any CPU.ActiveCfg = Debug|Any CPU
		{9529606E-AF76-4387-BFB7-3D10A5B399AA}.Debug|Any CPU.Build.0 = Debug|Any CPU
		{9529606E-AF76-4387-BFB7-3D10A5B399AA}.Release|Any CPU.ActiveCfg = Release|Any CPU
		{9529606E-AF76-4387-BFB7-3D10A5B399AA}.Release|Any CPU.Build.0 = Release|Any CPU
		{77433633-5309-4EEA-A56C-29C48A90CAA1}.CodeAnalysis|Any CPU.ActiveCfg = Release|Any CPU
		{77433633-5309-4EEA-A56C-29C48A90CAA1}.CodeAnalysis|Any CPU.Build.0 = Release|Any CPU
		{77433633-5309-4EEA-A56C-29C48A90CAA1}.Debug|Any CPU.ActiveCfg = Debug|Any CPU
		{77433633-5309-4EEA-A56C-29C48A90CAA1}.Debug|Any CPU.Build.0 = Debug|Any CPU
		{77433633-5309-4EEA-A56C-29C48A90CAA1}.Release|Any CPU.ActiveCfg = Release|Any CPU
		{77433633-5309-4EEA-A56C-29C48A90CAA1}.Release|Any CPU.Build.0 = Release|Any CPU
	EndGlobalSection
	GlobalSection(SolutionProperties) = preSolution
		HideSolutionNode = FALSE
	EndGlobalSection
	GlobalSection(NestedProjects) = preSolution
		{716F1EDD-B85E-45FB-B757-BFFC8CB2A011} = {3CA53B2C-85A8-43D4-9DE7-633941B47039}
		{AA78D112-D889-414B-A7D4-467B34C7B663} = {3CA53B2C-85A8-43D4-9DE7-633941B47039}
		{8792EB67-B33F-40AC-9885-7C3B106C8260} = {74A059BD-4EA5-4A49-83EF-BCD9D67C8A70}
		{276250F2-38C0-4AB0-95DE-F9F07D746CA7} = {74A059BD-4EA5-4A49-83EF-BCD9D67C8A70}
		{80B09EC4-DFFF-4B72-9312-86DCCF6AEF19} = {74A059BD-4EA5-4A49-83EF-BCD9D67C8A70}
		{9529606E-AF76-4387-BFB7-3D10A5B399AA} = {74A059BD-4EA5-4A49-83EF-BCD9D67C8A70}
		{77433633-5309-4EEA-A56C-29C48A90CAA1} = {74A059BD-4EA5-4A49-83EF-BCD9D67C8A70}
	EndGlobalSection
EndGlobal
